{
  "lockfileVersion": 1,
  "configVersion": 1,
  "workspaces": {
    "": {
      "name": "opencode-gpt-unlocked",
      "devDependencies": {
        "@opencode-ai/plugin": "latest",
        "bun-types": "latest",
        "typescript": "latest",
      },
    },
  },
  "packages": {
    "@opencode-ai/plugin": ["@opencode-ai/plugin@1.3.2", "", { "dependencies": { "@opencode-ai/sdk": "1.3.2", "zod": "4.1.8" } }, "sha512-eT0ZovMCOQlfTdAnfbEWgW343mJ9SHgEVfdiOSX1NMIVXac6hxE2xwUsRVTV3wLvfA6dKZhN800f8wLUEyPlyg=="],

    "@opencode-ai/sdk": ["@opencode-ai/sdk@1.3.2", "", {}, "sha512-u7sXVKn0kyAA5vVVHuHQfq3+3UGWOU1Sh6d/e+aS4zO8AwriTSWNQ9r8Qy5yxBH+PoeOGl5WIVdp+s2Ea2zuAg=="],

    "@types/node": ["@types/node@25.5.0", "", { "dependencies": { "undici-types": "~7.18.0" } }, "sha512-jp2P3tQMSxWugkCUKLRPVUpGaL5MVFwF8RDuSRztfwgN1wmqJeMSbKlnEtQqU8UrhTmzEmZdu2I6v2dpp7XIxw=="],

    "bun-types": ["bun-types@1.3.11", "", { "dependencies": { "@types/node": "*" } }, "sha512-1KGPpoxQWl9f6wcZh57LvrPIInQMn2TQ7jsgxqpRzg+l0QPOFvJVH7HmvHo/AiPgwXy+/Thf6Ov3EdVn1vOabg=="],

    "typescript": ["typescript@6.0.2", "", { "bin": { "tsc": "bin/tsc", "tsserver": "bin/tsserver" } }, "sha512-bGdAIrZ0wiGDo5l8c++HWtbaNCWTS4UTv7RaTH/ThVIgjkveJt83m74bBHMJkuCbslY8ixgLBVZJIOiQlQTjfQ=="],

    "undici-types": ["undici-types@7.18.2", "", {}, "sha512-AsuCzffGHJybSaRrmr5eHr81mwJU3kjw6M+uprWvCXiNeN9SOGwQ3Jn8jb8m3Z6izVgknn1R0FTCEAP2QrLY/w=="],

    "zod": ["zod@4.1.8", "", {}, "sha512-5R1P+WwQqmmMIEACyzSvo4JXHY5WiAFHRMg+zBZKgKS+Q1viRa0C1hmUKtHltoIFKtIdki3pRxkmpP74jnNYHQ=="],
  }
}
